
Microsoft Visual Studio Solution File, Format Version 12.00
# Visual Studio Version 17
VisualStudioVersion = 17.11.35327.3
MinimumVisualStudioVersion = 10.0.40219.1
Project("{FAE04EC0-301F-11D3-BF4B-00C04F79EFBC}") = "Akademi 2", "Akademi 2\Akademi 2.csproj", "{F842E572-B8FF-4104-84D5-C2C3AE574459}"
EndProject
Global
	GlobalSection(SolutionConfigurationPlatforms) = preSolution
		Debug|Any CPU = Debug|Any CPU
		Release|Any CPU = Release|Any CPU
	EndGlobalSection
	GlobalSection(ProjectConfigurationPlatforms) = postSolution
		{F842E572-B8FF-4104-84D5-C2C3AE574459}.Debug|Any CPU.ActiveCfg = Debug|Any CPU
		{F842E572-B8FF-4104-84D5-C2C3AE574459}.Debug|Any CPU.Build.0 = Debug|Any CPU
		{F842E572-B8FF-4104-84D5-C2C3AE574459}.Release|Any CPU.ActiveCfg = Release|Any CPU
		{F842E572-B8FF-4104-84D5-C2C3AE574459}.Release|Any CPU.Build.0 = Release|Any CPU
	EndGlobalSection
	GlobalSection(SolutionProperties) = preSolution
		HideSolutionNode = FALSE
	EndGlobalSection
	GlobalSection(ExtensibilityGlobals) = postSolution
		SolutionGuid = {4926DE24-1B89-4C23-BF7A-68A8BE04237F}
	EndGlobalSection
EndGlobal
